
Microsoft Visual Studio Solution File, Format Version 12.00
# Visual Studio 15
VisualStudioVersion = 15.0.28010.2026
MinimumVisualStudioVersion = 10.0.40219.1
Project("{FAE04EC0-301F-11D3-BF4B-00C04F79EFBC}") = "WpfApp3", "WpfApp3\WpfApp3.csproj", "{083A5B7D-2EA4-4C83-84D0-6712668C3B36}"
EndProject
Global
	GlobalSection(SolutionConfigurationPlatforms) = preSolution
		Debug|Any CPU = Debug|Any CPU
		Release|Any CPU = Release|Any CPU
	EndGlobalSection
	GlobalSection(ProjectConfigurationPlatforms) = postSolution
		{083A5B7D-2EA4-4C83-84D0-6712668C3B36}.Debug|Any CPU.ActiveCfg = Debug|Any CPU
		{083A5B7D-2EA4-4C83-84D0-6712668C3B36}.Debug|Any CPU.Build.0 = Debug|Any CPU
		{083A5B7D-2EA4-4C83-84D0-6712668C3B36}.Release|Any CPU.ActiveCfg = Release|Any CPU
		{083A5B7D-2EA4-4C83-84D0-6712668C3B36}.Release|Any CPU.Build.0 = Release|Any CPU
	EndGlobalSection
	GlobalSection(SolutionProperties) = preSolution
		HideSolutionNode = FALSE
	EndGlobalSection
	GlobalSection(ExtensibilityGlobals) = postSolution
		SolutionGuid = {26C702F2-DDDD-4FF7-881B-59F3AB58000A}
	EndGlobalSection
EndGlobal
